
Microsoft Visual Studio Solution File, Format Version 12.00
Project("{FAE04EC0-301F-11D3-BF4B-00C04F79EFBC}") = "EventFlowLite.Abstractions", "EventFlowLite.Abstractions\EventFlowLite.Abstractions.csproj", "{B6470633-0048-4E31-A1B8-810872135D67}"
EndProject
Project("{FAE04EC0-301F-11D3-BF4B-00C04F79EFBC}") = "EventFlowLite.EntityFramework", "EventFlowLite.EntityFramework\EventFlowLite.EntityFramework.csproj", "{501EF582-8450-4FBC-93FF-1A9F700571E8}"
EndProject
Global
	GlobalSection(SolutionConfigurationPlatforms) = preSolution
		Debug|Any CPU = Debug|Any CPU
		Release|Any CPU = Release|Any CPU
	EndGlobalSection
	GlobalSection(ProjectConfigurationPlatforms) = postSolution
		{B6470633-0048-4E31-A1B8-810872135D67}.Debug|Any CPU.ActiveCfg = Debug|Any CPU
		{B6470633-0048-4E31-A1B8-810872135D67}.Debug|Any CPU.Build.0 = Debug|Any CPU
		{B6470633-0048-4E31-A1B8-810872135D67}.Release|Any CPU.ActiveCfg = Release|Any CPU
		{B6470633-0048-4E31-A1B8-810872135D67}.Release|Any CPU.Build.0 = Release|Any CPU
		{501EF582-8450-4FBC-93FF-1A9F700571E8}.Debug|Any CPU.ActiveCfg = Debug|Any CPU
		{501EF582-8450-4FBC-93FF-1A9F700571E8}.Debug|Any CPU.Build.0 = Debug|Any CPU
		{501EF582-8450-4FBC-93FF-1A9F700571E8}.Release|Any CPU.ActiveCfg = Release|Any CPU
		{501EF582-8450-4FBC-93FF-1A9F700571E8}.Release|Any CPU.Build.0 = Release|Any CPU
	EndGlobalSection
EndGlobal
